
Microsoft Visual Studio Solution File, Format Version 12.00
# Visual Studio Version 17
VisualStudioVersion = 17.10.35027.167
MinimumVisualStudioVersion = 10.0.40219.1
Project("{2150E333-8FDC-42A3-9474-1A3956D46DE8}") = "Services", "Services", "{65C00902-4460-44F3-9EDD-89F3A6AE5B4A}"
EndProject
Project("{2150E333-8FDC-42A3-9474-1A3956D46DE8}") = "Catalog", "Catalog", "{EED77EBD-FC3F-4CEE-9DF3-D8241351BC8A}"
EndProject
Project("{9A19103F-16F7-4668-BE54-9A1E7A4F7556}") = "Catalog.API", "Services\Catalog\Catalog.API\Catalog.API.csproj", "{BBBEC510-AA5D-432D-BB73-29F7CB359F0B}"
EndProject
Project("{2150E333-8FDC-42A3-9474-1A3956D46DE8}") = "BuildingBlocks", "BuildingBlocks", "{7AEB103A-6B50-4B28-A9B9-EC91F57597F9}"
EndProject
Project("{9A19103F-16F7-4668-BE54-9A1E7A4F7556}") = "BuildingBlocks", "BuildingBlocks\BuildingBlocks\BuildingBlocks.csproj", "{6386F4B7-09AA-400C-83CC-0BACC3A7C4AC}"
EndProject
Project("{E53339B2-1760-4266-BCC7-CA923CBCF16C}") = "docker-compose", "docker-compose.dcproj", "{E70A9EBE-71F6-487E-A889-F2129EDB7247}"
EndProject
Project("{2150E333-8FDC-42A3-9474-1A3956D46DE8}") = "Basket", "Basket", "{B13F8C1B-7E50-4B2C-9A27-DD01D40E8683}"
EndProject
Project("{9A19103F-16F7-4668-BE54-9A1E7A4F7556}") = "Basket.API", "Services\Basket\Basket.API\Basket.API.csproj", "{CCED63DC-B216-4906-88B3-120B09D74650}"
EndProject
Project("{2150E333-8FDC-42A3-9474-1A3956D46DE8}") = "Discount", "Discount", "{94A48E3F-7050-417B-9B66-A303B47CFF60}"
EndProject
Project("{9A19103F-16F7-4668-BE54-9A1E7A4F7556}") = "Discount.Grpc", "Services\Discount\Discount.Grpc\Discount.Grpc.csproj", "{0327CE57-7116-4398-B4FD-C97DBEEB9BAD}"
EndProject
Project("{2150E333-8FDC-42A3-9474-1A3956D46DE8}") = "Ordering", "Ordering", "{798F004F-A976-45D1-BB09-260B26E2AD6B}"
EndProject
Project("{FAE04EC0-301F-11D3-BF4B-00C04F79EFBC}") = "Ordering.API", "Services\Ordering\Ordering.API\Ordering.API.csproj", "{642D1B06-0328-4E83-B6DE-D2AEEB7F685A}"
EndProject
Project("{FAE04EC0-301F-11D3-BF4B-00C04F79EFBC}") = "Ordering.Domain", "Services\Ordering\Ordering.Domain\Ordering.Domain.csproj", "{B3331E1A-B972-47F3-AAFC-B74B614C0297}"
EndProject
Project("{FAE04EC0-301F-11D3-BF4B-00C04F79EFBC}") = "Ordering.Application", "Services\Ordering\Ordering.Application\Ordering.Application.csproj", "{921FB187-5A0C-44FC-90DC-A2A77FFDC249}"
EndProject
Project("{FAE04EC0-301F-11D3-BF4B-00C04F79EFBC}") = "Ordering.Infrastructure", "Services\Ordering\Ordering.Infrastructure\Ordering.Infrastructure.csproj", "{12A52A9E-606D-4C2B-9168-829AE671E310}"
EndProject
Global
	GlobalSection(SolutionConfigurationPlatforms) = preSolution
		Debug|Any CPU = Debug|Any CPU
		Release|Any CPU = Release|Any CPU
	EndGlobalSection
	GlobalSection(ProjectConfigurationPlatforms) = postSolution
		{BBBEC510-AA5D-432D-BB73-29F7CB359F0B}.Debug|Any CPU.ActiveCfg = Debug|Any CPU
		{BBBEC510-AA5D-432D-BB73-29F7CB359F0B}.Debug|Any CPU.Build.0 = Debug|Any CPU
		{BBBEC510-AA5D-432D-BB73-29F7CB359F0B}.Release|Any CPU.ActiveCfg = Release|Any CPU
		{BBBEC510-AA5D-432D-BB73-29F7CB359F0B}.Release|Any CPU.Build.0 = Release|Any CPU
		{6386F4B7-09AA-400C-83CC-0BACC3A7C4AC}.Debug|Any CPU.ActiveCfg = Debug|Any CPU
		{6386F4B7-09AA-400C-83CC-0BACC3A7C4AC}.Debug|Any CPU.Build.0 = Debug|Any CPU
		{6386F4B7-09AA-400C-83CC-0BACC3A7C4AC}.Release|Any CPU.ActiveCfg = Release|Any CPU
		{6386F4B7-09AA-400C-83CC-0BACC3A7C4AC}.Release|Any CPU.Build.0 = Release|Any CPU
		{E70A9EBE-71F6-487E-A889-F2129EDB7247}.Debug|Any CPU.ActiveCfg = Debug|Any CPU
		{E70A9EBE-71F6-487E-A889-F2129EDB7247}.Debug|Any CPU.Build.0 = Debug|Any CPU
		{E70A9EBE-71F6-487E-A889-F2129EDB7247}.Release|Any CPU.ActiveCfg = Release|Any CPU
		{E70A9EBE-71F6-487E-A889-F2129EDB7247}.Release|Any CPU.Build.0 = Release|Any CPU
		{CCED63DC-B216-4906-88B3-120B09D74650}.Debug|Any CPU.ActiveCfg = Debug|Any CPU
		{CCED63DC-B216-4906-88B3-120B09D74650}.Debug|Any CPU.Build.0 = Debug|Any CPU
		{CCED63DC-B216-4906-88B3-120B09D74650}.Release|Any CPU.ActiveCfg = Release|Any CPU
		{CCED63DC-B216-4906-88B3-120B09D74650}.Release|Any CPU.Build.0 = Release|Any CPU
		{0327CE57-7116-4398-B4FD-C97DBEEB9BAD}.Debug|Any CPU.ActiveCfg = Debug|Any CPU
		{0327CE57-7116-4398-B4FD-C97DBEEB9BAD}.Debug|Any CPU.Build.0 = Debug|Any CPU
		{0327CE57-7116-4398-B4FD-C97DBEEB9BAD}.Release|Any CPU.ActiveCfg = Release|Any CPU
		{0327CE57-7116-4398-B4FD-C97DBEEB9BAD}.Release|Any CPU.Build.0 = Release|Any CPU
		{642D1B06-0328-4E83-B6DE-D2AEEB7F685A}.Debug|Any CPU.ActiveCfg = Debug|Any CPU
		{642D1B06-0328-4E83-B6DE-D2AEEB7F685A}.Debug|Any CPU.Build.0 = Debug|Any CPU
		{642D1B06-0328-4E83-B6DE-D2AEEB7F685A}.Release|Any CPU.ActiveCfg = Release|Any CPU
		{642D1B06-0328-4E83-B6DE-D2AEEB7F685A}.Release|Any CPU.Build.0 = Release|Any CPU
		{B3331E1A-B972-47F3-AAFC-B74B614C0297}.Debug|Any CPU.ActiveCfg = Debug|Any CPU
		{B3331E1A-B972-47F3-AAFC-B74B614C0297}.Debug|Any CPU.Build.0 = Debug|Any CPU
		{B3331E1A-B972-47F3-AAFC-B74B614C0297}.Release|Any CPU.ActiveCfg = Release|Any CPU
		{B3331E1A-B972-47F3-AAFC-B74B614C0297}.Release|Any CPU.Build.0 = Release|Any CPU
		{921FB187-5A0C-44FC-90DC-A2A77FFDC249}.Debug|Any CPU.ActiveCfg = Debug|Any CPU
		{921FB187-5A0C-44FC-90DC-A2A77FFDC249}.Debug|Any CPU.Build.0 = Debug|Any CPU
		{921FB187-5A0C-44FC-90DC-A2A77FFDC249}.Release|Any CPU.ActiveCfg = Release|Any CPU
		{921FB187-5A0C-44FC-90DC-A2A77FFDC249}.Release|Any CPU.Build.0 = Release|Any CPU
		{12A52A9E-606D-4C2B-9168-829AE671E310}.Debug|Any CPU.ActiveCfg = Debug|Any CPU
		{12A52A9E-606D-4C2B-9168-829AE671E310}.Debug|Any CPU.Build.0 = Debug|Any CPU
		{12A52A9E-606D-4C2B-9168-829AE671E310}.Release|Any CPU.ActiveCfg = Release|Any CPU
		{12A52A9E-606D-4C2B-9168-829AE671E310}.Release|Any CPU.Build.0 = Release|Any CPU
	EndGlobalSection
	GlobalSection(SolutionProperties) = preSolution
		HideSolutionNode = FALSE
	EndGlobalSection
	GlobalSection(NestedProjects) = preSolution
		{EED77EBD-FC3F-4CEE-9DF3-D8241351BC8A} = {65C00902-4460-44F3-9EDD-89F3A6AE5B4A}
		{BBBEC510-AA5D-432D-BB73-29F7CB359F0B} = {EED77EBD-FC3F-4CEE-9DF3-D8241351BC8A}
		{6386F4B7-09AA-400C-83CC-0BACC3A7C4AC} = {7AEB103A-6B50-4B28-A9B9-EC91F57597F9}
		{B13F8C1B-7E50-4B2C-9A27-DD01D40E8683} = {65C00902-4460-44F3-9EDD-89F3A6AE5B4A}
		{CCED63DC-B216-4906-88B3-120B09D74650} = {B13F8C1B-7E50-4B2C-9A27-DD01D40E8683}
		{94A48E3F-7050-417B-9B66-A303B47CFF60} = {65C00902-4460-44F3-9EDD-89F3A6AE5B4A}
		{0327CE57-7116-4398-B4FD-C97DBEEB9BAD} = {94A48E3F-7050-417B-9B66-A303B47CFF60}
		{798F004F-A976-45D1-BB09-260B26E2AD6B} = {65C00902-4460-44F3-9EDD-89F3A6AE5B4A}
		{642D1B06-0328-4E83-B6DE-D2AEEB7F685A} = {798F004F-A976-45D1-BB09-260B26E2AD6B}
		{B3331E1A-B972-47F3-AAFC-B74B614C0297} = {798F004F-A976-45D1-BB09-260B26E2AD6B}
		{921FB187-5A0C-44FC-90DC-A2A77FFDC249} = {798F004F-A976-45D1-BB09-260B26E2AD6B}
		{12A52A9E-606D-4C2B-9168-829AE671E310} = {798F004F-A976-45D1-BB09-260B26E2AD6B}
	EndGlobalSection
	GlobalSection(ExtensibilityGlobals) = postSolution
		SolutionGuid = {FD7426D0-ACED-42C5-9CFF-9227DC4B6E3E}
	EndGlobalSection
EndGlobal
